
Microsoft Visual Studio Solution File, Format Version 12.00
# Visual Studio Version 17
VisualStudioVersion = 17.4.33122.133
MinimumVisualStudioVersion = 10.0.40219.1
Project("{FAE04EC0-301F-11D3-BF4B-00C04F79EFBC}") = "API", "API\API.csproj", "{14573191-05F8-4821-82DA-D9AB14F55C72}"
EndProject
Global
	GlobalSection(SolutionConfigurationPlatforms) = preSolution
		Debug|Any CPU = Debug|Any CPU
		Release|Any CPU = Release|Any CPU
	EndGlobalSection
	GlobalSection(ProjectConfigurationPlatforms) = postSolution
		{14573191-05F8-4821-82DA-D9AB14F55C72}.Debug|Any CPU.ActiveCfg = Debug|Any CPU
		{14573191-05F8-4821-82DA-D9AB14F55C72}.Debug|Any CPU.Build.0 = Debug|Any CPU
		{14573191-05F8-4821-82DA-D9AB14F55C72}.Release|Any CPU.ActiveCfg = Release|Any CPU
		{14573191-05F8-4821-82DA-D9AB14F55C72}.Release|Any CPU.Build.0 = Release|Any CPU
	EndGlobalSection
	GlobalSection(SolutionProperties) = preSolution
		HideSolutionNode = FALSE
	EndGlobalSection
	GlobalSection(ExtensibilityGlobals) = postSolution
		SolutionGuid = {69B60638-3045-484E-83B1-4F832FE01DE4}
	EndGlobalSection
EndGlobal
