
Microsoft Visual Studio Solution File, Format Version 12.00
# Visual Studio Version 17
VisualStudioVersion = 17.4.33213.308
MinimumVisualStudioVersion = 10.0.40219.1
Project("{FAE04EC0-301F-11D3-BF4B-00C04F79EFBC}") = "Data", "Data\Data.csproj", "{DD349677-8547-4012-B287-BFF19774C357}"
EndProject
Project("{FAE04EC0-301F-11D3-BF4B-00C04F79EFBC}") = "Entities", "Entities\Entities.csproj", "{B41198C4-316F-4556-BFE3-7847434783F0}"
EndProject
Project("{FAE04EC0-301F-11D3-BF4B-00C04F79EFBC}") = "Logic", "Logic\Logic.csproj", "{0C0157DC-1112-4263-AA7B-20F195A15E0D}"
EndProject
Project("{FAE04EC0-301F-11D3-BF4B-00C04F79EFBC}") = "RRHHWebAPI", "RRHHWebAPI\RRHHWebAPI.csproj", "{D74142F9-B127-4865-96B7-1320B21CBC9C}"
EndProject
Global
	GlobalSection(SolutionConfigurationPlatforms) = preSolution
		Debug|Any CPU = Debug|Any CPU
		Release|Any CPU = Release|Any CPU
	EndGlobalSection
	GlobalSection(ProjectConfigurationPlatforms) = postSolution
		{DD349677-8547-4012-B287-BFF19774C357}.Debug|Any CPU.ActiveCfg = Debug|Any CPU
		{DD349677-8547-4012-B287-BFF19774C357}.Debug|Any CPU.Build.0 = Debug|Any CPU
		{DD349677-8547-4012-B287-BFF19774C357}.Release|Any CPU.ActiveCfg = Release|Any CPU
		{DD349677-8547-4012-B287-BFF19774C357}.Release|Any CPU.Build.0 = Release|Any CPU
		{B41198C4-316F-4556-BFE3-7847434783F0}.Debug|Any CPU.ActiveCfg = Debug|Any CPU
		{B41198C4-316F-4556-BFE3-7847434783F0}.Debug|Any CPU.Build.0 = Debug|Any CPU
		{B41198C4-316F-4556-BFE3-7847434783F0}.Release|Any CPU.ActiveCfg = Release|Any CPU
		{B41198C4-316F-4556-BFE3-7847434783F0}.Release|Any CPU.Build.0 = Release|Any CPU
		{0C0157DC-1112-4263-AA7B-20F195A15E0D}.Debug|Any CPU.ActiveCfg = Debug|Any CPU
		{0C0157DC-1112-4263-AA7B-20F195A15E0D}.Debug|Any CPU.Build.0 = Debug|Any CPU
		{0C0157DC-1112-4263-AA7B-20F195A15E0D}.Release|Any CPU.ActiveCfg = Release|Any CPU
		{0C0157DC-1112-4263-AA7B-20F195A15E0D}.Release|Any CPU.Build.0 = Release|Any CPU
		{D74142F9-B127-4865-96B7-1320B21CBC9C}.Debug|Any CPU.ActiveCfg = Debug|Any CPU
		{D74142F9-B127-4865-96B7-1320B21CBC9C}.Debug|Any CPU.Build.0 = Debug|Any CPU
		{D74142F9-B127-4865-96B7-1320B21CBC9C}.Release|Any CPU.ActiveCfg = Release|Any CPU
		{D74142F9-B127-4865-96B7-1320B21CBC9C}.Release|Any CPU.Build.0 = Release|Any CPU
	EndGlobalSection
	GlobalSection(SolutionProperties) = preSolution
		HideSolutionNode = FALSE
	EndGlobalSection
	GlobalSection(ExtensibilityGlobals) = postSolution
		SolutionGuid = {E4EA6469-9906-4D8D-90A7-342D37FA6DF8}
	EndGlobalSection
EndGlobal
